
Microsoft Visual Studio Solution File, Format Version 12.00
# Visual Studio Version 17
VisualStudioVersion = 17.14.36408.4
MinimumVisualStudioVersion = 10.0.40219.1
Project("{FAE04EC0-301F-11D3-BF4B-00C04F79EFBC}") = "NTierProject.Dal", "NTierProject.Dal\NTierProject.Dal.csproj", "{294DC467-3AA3-462A-8A75-8D439E697BAC}"
EndProject
Project("{FAE04EC0-301F-11D3-BF4B-00C04F79EFBC}") = "NTierProject.Bll", "NTierProject.Bll\NTierProject.Bll.csproj", "{11751AA6-69AC-4CD3-9C8F-E7FBA6F0336F}"
EndProject
Project("{FAE04EC0-301F-11D3-BF4B-00C04F79EFBC}") = "NTierProject.Api", "NTierProject.Api\NTierProject.Api.csproj", "{05CE504E-0028-4DFC-98C8-F8D7D3F23776}"
EndProject
Project("{FAE04EC0-301F-11D3-BF4B-00C04F79EFBC}") = "NTierProject.Mvc", "NTierProject.Mvc\NTierProject.Mvc.csproj", "{A1318F55-1450-4D5F-A84C-6ACA94614200}"
EndProject
Project("{FAE04EC0-301F-11D3-BF4B-00C04F79EFBC}") = "NTierProject.Shared", "NTierProject.Shared\NTierProject.Shared.csproj", "{7040F11C-D749-4101-8FF4-47455F953106}"
EndProject
Global
	GlobalSection(SolutionConfigurationPlatforms) = preSolution
		Debug|Any CPU = Debug|Any CPU
		Release|Any CPU = Release|Any CPU
	EndGlobalSection
	GlobalSection(ProjectConfigurationPlatforms) = postSolution
		{294DC467-3AA3-462A-8A75-8D439E697BAC}.Debug|Any CPU.ActiveCfg = Debug|Any CPU
		{294DC467-3AA3-462A-8A75-8D439E697BAC}.Debug|Any CPU.Build.0 = Debug|Any CPU
		{294DC467-3AA3-462A-8A75-8D439E697BAC}.Release|Any CPU.ActiveCfg = Release|Any CPU
		{294DC467-3AA3-462A-8A75-8D439E697BAC}.Release|Any CPU.Build.0 = Release|Any CPU
		{11751AA6-69AC-4CD3-9C8F-E7FBA6F0336F}.Debug|Any CPU.ActiveCfg = Debug|Any CPU
		{11751AA6-69AC-4CD3-9C8F-E7FBA6F0336F}.Debug|Any CPU.Build.0 = Debug|Any CPU
		{11751AA6-69AC-4CD3-9C8F-E7FBA6F0336F}.Release|Any CPU.ActiveCfg = Release|Any CPU
		{11751AA6-69AC-4CD3-9C8F-E7FBA6F0336F}.Release|Any CPU.Build.0 = Release|Any CPU
		{05CE504E-0028-4DFC-98C8-F8D7D3F23776}.Debug|Any CPU.ActiveCfg = Debug|Any CPU
		{05CE504E-0028-4DFC-98C8-F8D7D3F23776}.Debug|Any CPU.Build.0 = Debug|Any CPU
		{05CE504E-0028-4DFC-98C8-F8D7D3F23776}.Release|Any CPU.ActiveCfg = Release|Any CPU
		{05CE504E-0028-4DFC-98C8-F8D7D3F23776}.Release|Any CPU.Build.0 = Release|Any CPU
		{A1318F55-1450-4D5F-A84C-6ACA94614200}.Debug|Any CPU.ActiveCfg = Debug|Any CPU
		{A1318F55-1450-4D5F-A84C-6ACA94614200}.Debug|Any CPU.Build.0 = Debug|Any CPU
		{A1318F55-1450-4D5F-A84C-6ACA94614200}.Release|Any CPU.ActiveCfg = Release|Any CPU
		{A1318F55-1450-4D5F-A84C-6ACA94614200}.Release|Any CPU.Build.0 = Release|Any CPU
		{7040F11C-D749-4101-8FF4-47455F953106}.Debug|Any CPU.ActiveCfg = Debug|Any CPU
		{7040F11C-D749-4101-8FF4-47455F953106}.Debug|Any CPU.Build.0 = Debug|Any CPU
		{7040F11C-D749-4101-8FF4-47455F953106}.Release|Any CPU.ActiveCfg = Release|Any CPU
		{7040F11C-D749-4101-8FF4-47455F953106}.Release|Any CPU.Build.0 = Release|Any CPU
	EndGlobalSection
	GlobalSection(SolutionProperties) = preSolution
		HideSolutionNode = FALSE
	EndGlobalSection
	GlobalSection(ExtensibilityGlobals) = postSolution
		SolutionGuid = {37AE7D13-C37A-4D9A-A044-53135A8B8149}
	EndGlobalSection
EndGlobal
